
Microsoft Visual Studio Solution File, Format Version 12.00
Project("{FAE04EC0-301F-11D3-BF4B-00C04F79EFBC}") = "MauiGridClipInvestigation", "MauiGridClipInvestigation\MauiGridClipInvestigation.csproj", "{AF57AFBE-F3A1-440F-A6C8-5D16E3C8E592}"
EndProject
Global
	GlobalSection(SolutionConfigurationPlatforms) = preSolution
		Debug|Any CPU = Debug|Any CPU
		Release|Any CPU = Release|Any CPU
	EndGlobalSection
	GlobalSection(ProjectConfigurationPlatforms) = postSolution
		{AF57AFBE-F3A1-440F-A6C8-5D16E3C8E592}.Debug|Any CPU.ActiveCfg = Debug|Any CPU
		{AF57AFBE-F3A1-440F-A6C8-5D16E3C8E592}.Debug|Any CPU.Build.0 = Debug|Any CPU
		{AF57AFBE-F3A1-440F-A6C8-5D16E3C8E592}.Release|Any CPU.ActiveCfg = Release|Any CPU
		{AF57AFBE-F3A1-440F-A6C8-5D16E3C8E592}.Release|Any CPU.Build.0 = Release|Any CPU
	EndGlobalSection
EndGlobal
